
Microsoft Visual Studio Solution File, Format Version 12.00
# Visual Studio 15
Project("{FAE04EC0-301F-11D3-BF4B-00C04F79EFBC}") = "Assembly-CSharp", "Assembly-CSharp.csproj", "{CFCF4AA7-6CF8-530D-2C05-C4B9F4DF8825}"
EndProject
Project("{FAE04EC0-301F-11D3-BF4B-00C04F79EFBC}") = "PhotonRealtime", "PhotonRealtime.csproj", "{79058BE9-FD92-3DF7-A247-62A974DCFF5B}"
EndProject
Project("{FAE04EC0-301F-11D3-BF4B-00C04F79EFBC}") = "CFXRDemo", "CFXRDemo.csproj", "{7ADAAD68-309C-D4AD-7423-70B13BB95F73}"
EndProject
Project("{FAE04EC0-301F-11D3-BF4B-00C04F79EFBC}") = "PhotonUnityNetworking", "PhotonUnityNetworking.csproj", "{77F693E0-BD66-932D-EF20-9336B89C91DF}"
EndProject
Project("{FAE04EC0-301F-11D3-BF4B-00C04F79EFBC}") = "PhotonUnityNetworking.Utilities", "PhotonUnityNetworking.Utilities.csproj", "{700158F9-94AC-842F-3203-D7339454F889}"
EndProject
Project("{FAE04EC0-301F-11D3-BF4B-00C04F79EFBC}") = "PhotonChat", "PhotonChat.csproj", "{7E0366DD-A032-E7A2-BBDA-C36DA697D95B}"
EndProject
Project("{FAE04EC0-301F-11D3-BF4B-00C04F79EFBC}") = "CFXRRuntime", "CFXRRuntime.csproj", "{7ED196C9-B86B-57E0-07A6-3B94CA11A672}"
EndProject
Project("{FAE04EC0-301F-11D3-BF4B-00C04F79EFBC}") = "KinoBloom.Runtime", "KinoBloom.Runtime.csproj", "{BE3D716F-327C-49C3-CFDB-3E4F743924C8}"
EndProject
Project("{FAE04EC0-301F-11D3-BF4B-00C04F79EFBC}") = "PhotonUnityNetworking.Editor", "PhotonUnityNetworking.Editor.csproj", "{7566CD2F-C5FB-CFFC-0DF0-8027C70CB5C9}"
EndProject
Project("{FAE04EC0-301F-11D3-BF4B-00C04F79EFBC}") = "CFXREditor", "CFXREditor.csproj", "{03F3E9DB-EB9A-3833-75B3-5D3ECAD46034}"
EndProject
Project("{FAE04EC0-301F-11D3-BF4B-00C04F79EFBC}") = "PhotonUnityNetworking.Utilities.PhotonPlayer.Editor", "PhotonUnityNetworking.Utilities.PhotonPlayer.Editor.csproj", "{DC1E546D-BF6A-CFC6-637C-DE12491FF695}"
EndProject
Project("{FAE04EC0-301F-11D3-BF4B-00C04F79EFBC}") = "PhotonUnityNetworking.Utilities.Culling.Editor", "PhotonUnityNetworking.Utilities.Culling.Editor.csproj", "{1C5146B8-093D-868F-2211-03308AE94D09}"
EndProject
Project("{FAE04EC0-301F-11D3-BF4B-00C04F79EFBC}") = "CFXR.WelcomeScreen", "CFXR.WelcomeScreen.csproj", "{961DA7CC-AEE6-EEA4-F912-CBB6543430F9}"
EndProject
Project("{FAE04EC0-301F-11D3-BF4B-00C04F79EFBC}") = "ToonyColorsPro.Demo.Editor", "ToonyColorsPro.Demo.Editor.csproj", "{5C9800AC-4325-F60A-FF06-3027B240C77A}"
EndProject
Global
	GlobalSection(SolutionConfigurationPlatforms) = preSolution
		Debug|Any CPU = Debug|Any CPU
		Release|Any CPU = Release|Any CPU
	EndGlobalSection
	GlobalSection(ProjectConfigurationPlatforms) = postSolution
		{CFCF4AA7-6CF8-530D-2C05-C4B9F4DF8825}.Debug|Any CPU.ActiveCfg = Debug|Any CPU
		{CFCF4AA7-6CF8-530D-2C05-C4B9F4DF8825}.Debug|Any CPU.Build.0 = Debug|Any CPU
		{CFCF4AA7-6CF8-530D-2C05-C4B9F4DF8825}.Release|Any CPU.ActiveCfg = Release|Any CPU
		{CFCF4AA7-6CF8-530D-2C05-C4B9F4DF8825}.Release|Any CPU.Build.0 = Release|Any CPU
		{79058BE9-FD92-3DF7-A247-62A974DCFF5B}.Debug|Any CPU.ActiveCfg = Debug|Any CPU
		{79058BE9-FD92-3DF7-A247-62A974DCFF5B}.Debug|Any CPU.Build.0 = Debug|Any CPU
		{79058BE9-FD92-3DF7-A247-62A974DCFF5B}.Release|Any CPU.ActiveCfg = Release|Any CPU
		{79058BE9-FD92-3DF7-A247-62A974DCFF5B}.Release|Any CPU.Build.0 = Release|Any CPU
		{7ADAAD68-309C-D4AD-7423-70B13BB95F73}.Debug|Any CPU.ActiveCfg = Debug|Any CPU
		{7ADAAD68-309C-D4AD-7423-70B13BB95F73}.Debug|Any CPU.Build.0 = Debug|Any CPU
		{7ADAAD68-309C-D4AD-7423-70B13BB95F73}.Release|Any CPU.ActiveCfg = Release|Any CPU
		{7ADAAD68-309C-D4AD-7423-70B13BB95F73}.Release|Any CPU.Build.0 = Release|Any CPU
		{77F693E0-BD66-932D-EF20-9336B89C91DF}.Debug|Any CPU.ActiveCfg = Debug|Any CPU
		{77F693E0-BD66-932D-EF20-9336B89C91DF}.Debug|Any CPU.Build.0 = Debug|Any CPU
		{77F693E0-BD66-932D-EF20-9336B89C91DF}.Release|Any CPU.ActiveCfg = Release|Any CPU
		{77F693E0-BD66-932D-EF20-9336B89C91DF}.Release|Any CPU.Build.0 = Release|Any CPU
		{700158F9-94AC-842F-3203-D7339454F889}.Debug|Any CPU.ActiveCfg = Debug|Any CPU
		{700158F9-94AC-842F-3203-D7339454F889}.Debug|Any CPU.Build.0 = Debug|Any CPU
		{700158F9-94AC-842F-3203-D7339454F889}.Release|Any CPU.ActiveCfg = Release|Any CPU
		{700158F9-94AC-842F-3203-D7339454F889}.Release|Any CPU.Build.0 = Release|Any CPU
		{7E0366DD-A032-E7A2-BBDA-C36DA697D95B}.Debug|Any CPU.ActiveCfg = Debug|Any CPU
		{7E0366DD-A032-E7A2-BBDA-C36DA697D95B}.Debug|Any CPU.Build.0 = Debug|Any CPU
		{7E0366DD-A032-E7A2-BBDA-C36DA697D95B}.Release|Any CPU.ActiveCfg = Release|Any CPU
		{7E0366DD-A032-E7A2-BBDA-C36DA697D95B}.Release|Any CPU.Build.0 = Release|Any CPU
		{7ED196C9-B86B-57E0-07A6-3B94CA11A672}.Debug|Any CPU.ActiveCfg = Debug|Any CPU
		{7ED196C9-B86B-57E0-07A6-3B94CA11A672}.Debug|Any CPU.Build.0 = Debug|Any CPU
		{7ED196C9-B86B-57E0-07A6-3B94CA11A672}.Release|Any CPU.ActiveCfg = Release|Any CPU
		{7ED196C9-B86B-57E0-07A6-3B94CA11A672}.Release|Any CPU.Build.0 = Release|Any CPU
		{BE3D716F-327C-49C3-CFDB-3E4F743924C8}.Debug|Any CPU.ActiveCfg = Debug|Any CPU
		{BE3D716F-327C-49C3-CFDB-3E4F743924C8}.Debug|Any CPU.Build.0 = Debug|Any CPU
		{BE3D716F-327C-49C3-CFDB-3E4F743924C8}.Release|Any CPU.ActiveCfg = Release|Any CPU
		{BE3D716F-327C-49C3-CFDB-3E4F743924C8}.Release|Any CPU.Build.0 = Release|Any CPU
		{7566CD2F-C5FB-CFFC-0DF0-8027C70CB5C9}.Debug|Any CPU.ActiveCfg = Debug|Any CPU
		{7566CD2F-C5FB-CFFC-0DF0-8027C70CB5C9}.Debug|Any CPU.Build.0 = Debug|Any CPU
		{7566CD2F-C5FB-CFFC-0DF0-8027C70CB5C9}.Release|Any CPU.ActiveCfg = Release|Any CPU
		{7566CD2F-C5FB-CFFC-0DF0-8027C70CB5C9}.Release|Any CPU.Build.0 = Release|Any CPU
		{03F3E9DB-EB9A-3833-75B3-5D3ECAD46034}.Debug|Any CPU.ActiveCfg = Debug|Any CPU
		{03F3E9DB-EB9A-3833-75B3-5D3ECAD46034}.Debug|Any CPU.Build.0 = Debug|Any CPU
		{03F3E9DB-EB9A-3833-75B3-5D3ECAD46034}.Release|Any CPU.ActiveCfg = Release|Any CPU
		{03F3E9DB-EB9A-3833-75B3-5D3ECAD46034}.Release|Any CPU.Build.0 = Release|Any CPU
		{DC1E546D-BF6A-CFC6-637C-DE12491FF695}.Debug|Any CPU.ActiveCfg = Debug|Any CPU
		{DC1E546D-BF6A-CFC6-637C-DE12491FF695}.Debug|Any CPU.Build.0 = Debug|Any CPU
		{DC1E546D-BF6A-CFC6-637C-DE12491FF695}.Release|Any CPU.ActiveCfg = Release|Any CPU
		{DC1E546D-BF6A-CFC6-637C-DE12491FF695}.Release|Any CPU.Build.0 = Release|Any CPU
		{1C5146B8-093D-868F-2211-03308AE94D09}.Debug|Any CPU.ActiveCfg = Debug|Any CPU
		{1C5146B8-093D-868F-2211-03308AE94D09}.Debug|Any CPU.Build.0 = Debug|Any CPU
		{1C5146B8-093D-868F-2211-03308AE94D09}.Release|Any CPU.ActiveCfg = Release|Any CPU
		{1C5146B8-093D-868F-2211-03308AE94D09}.Release|Any CPU.Build.0 = Release|Any CPU
		{961DA7CC-AEE6-EEA4-F912-CBB6543430F9}.Debug|Any CPU.ActiveCfg = Debug|Any CPU
		{961DA7CC-AEE6-EEA4-F912-CBB6543430F9}.Debug|Any CPU.Build.0 = Debug|Any CPU
		{961DA7CC-AEE6-EEA4-F912-CBB6543430F9}.Release|Any CPU.ActiveCfg = Release|Any CPU
		{961DA7CC-AEE6-EEA4-F912-CBB6543430F9}.Release|Any CPU.Build.0 = Release|Any CPU
		{5C9800AC-4325-F60A-FF06-3027B240C77A}.Debug|Any CPU.ActiveCfg = Debug|Any CPU
		{5C9800AC-4325-F60A-FF06-3027B240C77A}.Debug|Any CPU.Build.0 = Debug|Any CPU
		{5C9800AC-4325-F60A-FF06-3027B240C77A}.Release|Any CPU.ActiveCfg = Release|Any CPU
		{5C9800AC-4325-F60A-FF06-3027B240C77A}.Release|Any CPU.Build.0 = Release|Any CPU
	EndGlobalSection
	GlobalSection(SolutionProperties) = preSolution
		HideSolutionNode = FALSE
	EndGlobalSection
EndGlobal
